
Microsoft Visual Studio Solution File, Format Version 12.00
# Visual Studio Version 16
VisualStudioVersion = 16.0.30011.22
MinimumVisualStudioVersion = 10.0.40219.1
Project("{FAE04EC0-301F-11D3-BF4B-00C04F79EFBC}") = "skala szarosci", "skala szarosci.csproj", "{D5A1A0CC-4250-4919-AA33-45C998793625}"
EndProject
Global
	GlobalSection(SolutionConfigurationPlatforms) = preSolution
		Debug|Any CPU = Debug|Any CPU
		Release|Any CPU = Release|Any CPU
	EndGlobalSection
	GlobalSection(ProjectConfigurationPlatforms) = postSolution
		{D5A1A0CC-4250-4919-AA33-45C998793625}.Debug|Any CPU.ActiveCfg = Debug|Any CPU
		{D5A1A0CC-4250-4919-AA33-45C998793625}.Debug|Any CPU.Build.0 = Debug|Any CPU
		{D5A1A0CC-4250-4919-AA33-45C998793625}.Release|Any CPU.ActiveCfg = Release|Any CPU
		{D5A1A0CC-4250-4919-AA33-45C998793625}.Release|Any CPU.Build.0 = Release|Any CPU
	EndGlobalSection
	GlobalSection(SolutionProperties) = preSolution
		HideSolutionNode = FALSE
	EndGlobalSection
	GlobalSection(ExtensibilityGlobals) = postSolution
		SolutionGuid = {C3F37D10-7B42-47D6-B2F8-DA2C1B014158}
	EndGlobalSection
EndGlobal
